{
  "name": "cloud",
  "version": "1.0.0",
  "lockfileVersion": 1,
  "requires": true,
  "dependencies": {
    "d3-cloud": {
      "version": "github:jasondavies/d3-cloud#4fc1a943d01d270e7838c97bb8ee48ca15da20be",
      "requires": {
        "d3-dispatch": "1.0.3"
      }
    },
    "d3-dispatch": {
      "version": "1.0.3",
      "resolved": "https://registry.npmjs.org/d3-dispatch/-/d3-dispatch-1.0.3.tgz",
      "integrity": "sha1-RuFJHqqbWMNY/OW+TovtYm54cfg="
    }
  }
}
